
Microsoft Visual Studio Solution File, Format Version 12.00
# Visual Studio Version 16
VisualStudioVersion = 16.0.31105.61
MinimumVisualStudioVersion = 10.0.40219.1
Project("{FAE04EC0-301F-11D3-BF4B-00C04F79EFBC}") = "SnakeGame", "SnakeGame\SnakeGame.csproj", "{E9BF9456-4D24-4498-AE69-379F0A6FDA79}"
EndProject
Global
	GlobalSection(SolutionConfigurationPlatforms) = preSolution
		Debug|Any CPU = Debug|Any CPU
		Release|Any CPU = Release|Any CPU
	EndGlobalSection
	GlobalSection(ProjectConfigurationPlatforms) = postSolution
		{E9BF9456-4D24-4498-AE69-379F0A6FDA79}.Debug|Any CPU.ActiveCfg = Debug|Any CPU
		{E9BF9456-4D24-4498-AE69-379F0A6FDA79}.Debug|Any CPU.Build.0 = Debug|Any CPU
		{E9BF9456-4D24-4498-AE69-379F0A6FDA79}.Release|Any CPU.ActiveCfg = Release|Any CPU
		{E9BF9456-4D24-4498-AE69-379F0A6FDA79}.Release|Any CPU.Build.0 = Release|Any CPU
	EndGlobalSection
	GlobalSection(SolutionProperties) = preSolution
		HideSolutionNode = FALSE
	EndGlobalSection
	GlobalSection(ExtensibilityGlobals) = postSolution
		SolutionGuid = {2A3F518B-FA67-442D-BE2A-F08D2E1052A7}
	EndGlobalSection
EndGlobal
